
Microsoft Visual Studio Solution File, Format Version 12.00
# Visual Studio Version 17
VisualStudioVersion = 17.2.32616.157
MinimumVisualStudioVersion = 10.0.40219.1
Project("{9A19103F-16F7-4668-BE54-9A1E7A4F7556}") = "CMCReceivingData", "CMCReceivingData\CMCReceivingData.csproj", "{8EDB782E-1BE9-4A25-BEE8-2D6E204C9394}"
EndProject
Project("{9A19103F-16F7-4668-BE54-9A1E7A4F7556}") = "CurrencyMonitoring.Data", "CurrencyMonitoring.Data\CurrencyMonitoring.Data.csproj", "{E3DC5589-F189-4C9A-A973-F4716733B4AB}"
EndProject
Project("{9A19103F-16F7-4668-BE54-9A1E7A4F7556}") = "CurrencyMonitoringAPI", "CurrencyMonitoringAPI\CurrencyMonitoringAPI.csproj", "{AA799E7D-6CA5-451D-ADEA-21C574C9A590}"
EndProject
Global
	GlobalSection(SolutionConfigurationPlatforms) = preSolution
		Debug|Any CPU = Debug|Any CPU
		Release|Any CPU = Release|Any CPU
	EndGlobalSection
	GlobalSection(ProjectConfigurationPlatforms) = postSolution
		{8EDB782E-1BE9-4A25-BEE8-2D6E204C9394}.Debug|Any CPU.ActiveCfg = Debug|Any CPU
		{8EDB782E-1BE9-4A25-BEE8-2D6E204C9394}.Debug|Any CPU.Build.0 = Debug|Any CPU
		{8EDB782E-1BE9-4A25-BEE8-2D6E204C9394}.Release|Any CPU.ActiveCfg = Release|Any CPU
		{8EDB782E-1BE9-4A25-BEE8-2D6E204C9394}.Release|Any CPU.Build.0 = Release|Any CPU
		{E3DC5589-F189-4C9A-A973-F4716733B4AB}.Debug|Any CPU.ActiveCfg = Debug|Any CPU
		{E3DC5589-F189-4C9A-A973-F4716733B4AB}.Debug|Any CPU.Build.0 = Debug|Any CPU
		{E3DC5589-F189-4C9A-A973-F4716733B4AB}.Release|Any CPU.ActiveCfg = Release|Any CPU
		{E3DC5589-F189-4C9A-A973-F4716733B4AB}.Release|Any CPU.Build.0 = Release|Any CPU
		{AA799E7D-6CA5-451D-ADEA-21C574C9A590}.Debug|Any CPU.ActiveCfg = Debug|Any CPU
		{AA799E7D-6CA5-451D-ADEA-21C574C9A590}.Debug|Any CPU.Build.0 = Debug|Any CPU
		{AA799E7D-6CA5-451D-ADEA-21C574C9A590}.Release|Any CPU.ActiveCfg = Release|Any CPU
		{AA799E7D-6CA5-451D-ADEA-21C574C9A590}.Release|Any CPU.Build.0 = Release|Any CPU
	EndGlobalSection
	GlobalSection(SolutionProperties) = preSolution
		HideSolutionNode = FALSE
	EndGlobalSection
	GlobalSection(ExtensibilityGlobals) = postSolution
		SolutionGuid = {82BE5E01-F661-468B-AA06-5793DA35F280}
	EndGlobalSection
EndGlobal
